{
	"name": "frontend",
	"version": "0.0.1",
	"lockfileVersion": 3,
	"requires": true,
	"packages": {
		"": {
			"name": "frontend",
			"version": "0.0.1",
			"dependencies": {
				"@plusui/core": "^0.2.10"
			},
			"devDependencies": {
				"@fontsource/fira-mono": "^5.0.0",
				"@neoconfetti/svelte": "^2.0.0",
				"@sveltejs/adapter-auto": "^4.0.0",
				"@sveltejs/kit": "^2.16.0",
				"@sveltejs/vite-plugin-svelte": "^5.0.0",
				"@tailwindcss/forms": "^0.5.9",
				"@tailwindcss/typography": "^0.5.15",
				"@tailwindcss/vite": "^4.0.0",
				"svelte": "^5.25.0",
				"tailwindcss": "^4.0.0",
				"vite": "^6.0.0"
			}
		},
		"node_modules/@ampproject/remapping": {
			"version": "2.3.0",
			"dev": true,
			"license": "Apache-2.0",
			"dependencies": {
				"@jridgewell/gen-mapping": "^0.3.5",
				"@jridgewell/trace-mapping": "^0.3.24"
			},
			"engines": {
				"node": ">=6.0.0"
			}
		},
		"node_modules/@esbuild/win32-x64": {
			"version": "0.25.2",
			"cpu": [
				"x64"
			],
			"dev": true,
			"license": "MIT",
			"optional": true,
			"os": [
				"win32"
			],
			"engines": {
				"node": ">=18"
			}
		},
		"node_modules/@floating-ui/core": {
			"version": "1.6.9",
			"resolved": "https://registry.npmjs.org/@floating-ui/core/-/core-1.6.9.tgz",
			"integrity": "sha512-uMXCuQ3BItDUbAMhIXw7UPXRfAlOAvZzdK9BWpE60MCn+Svt3aLn9jsPTi/WNGlRUu2uI0v5S7JiIUsbsvh3fw==",
			"license": "MIT",
			"dependencies": {
				"@floating-ui/utils": "^0.2.9"
			}
		},
		"node_modules/@floating-ui/dom": {
			"version": "1.6.13",
			"resolved": "https://registry.npmjs.org/@floating-ui/dom/-/dom-1.6.13.tgz",
			"integrity": "sha512-umqzocjDgNRGTuO7Q8CU32dkHkECqI8ZdMZ5Swb6QAM0t5rnlrN3lGo1hdpscRd3WS8T6DKYK4ephgIH9iRh3w==",
			"license": "MIT",
			"dependencies": {
				"@floating-ui/core": "^1.6.0",
				"@floating-ui/utils": "^0.2.9"
			}
		},
		"node_modules/@floating-ui/utils": {
			"version": "0.2.9",
			"resolved": "https://registry.npmjs.org/@floating-ui/utils/-/utils-0.2.9.tgz",
			"integrity": "sha512-MDWhGtE+eHw5JW7lq4qhc5yRLS11ERl1c7Z6Xd0a58DozHES6EnNNwUWbMiG4J9Cgj053Bhk8zvlhFYKVhULwg==",
			"license": "MIT"
		},
		"node_modules/@fontsource/fira-mono": {
			"version": "5.2.5",
			"dev": true,
			"license": "OFL-1.1",
			"funding": {
				"url": "https://github.com/sponsors/ayuhito"
			}
		},
		"node_modules/@jridgewell/gen-mapping": {
			"version": "0.3.8",
			"dev": true,
			"license": "MIT",
			"dependencies": {
				"@jridgewell/set-array": "^1.2.1",
				"@jridgewell/sourcemap-codec": "^1.4.10",
				"@jridgewell/trace-mapping": "^0.3.24"
			},
			"engines": {
				"node": ">=6.0.0"
			}
		},
		"node_modules/@jridgewell/resolve-uri": {
			"version": "3.1.2",
			"dev": true,
			"license": "MIT",
			"engines": {
				"node": ">=6.0.0"
			}
		},
		"node_modules/@jridgewell/set-array": {
			"version": "1.2.1",
			"dev": true,
			"license": "MIT",
			"engines": {
				"node": ">=6.0.0"
			}
		},
		"node_modules/@jridgewell/sourcemap-codec": {
			"version": "1.5.0",
			"dev": true,
			"license": "MIT"
		},
		"node_modules/@jridgewell/trace-mapping": {
			"version": "0.3.25",
			"dev": true,
			"license": "MIT",
			"dependencies": {
				"@jridgewell/resolve-uri": "^3.1.0",
				"@jridgewell/sourcemap-codec": "^1.4.14"
			}
		},
		"node_modules/@lit-labs/ssr-dom-shim": {
			"version": "1.3.0",
			"resolved": "https://registry.npmjs.org/@lit-labs/ssr-dom-shim/-/ssr-dom-shim-1.3.0.tgz",
			"integrity": "sha512-nQIWonJ6eFAvUUrSlwyHDm/aE8PBDu5kRpL0vHMg6K8fK3Diq1xdPjTnsJSwxABhaZ+5eBi1btQB5ShUTKo4nQ==",
			"license": "BSD-3-Clause"
		},
		"node_modules/@lit/context": {
			"version": "1.1.4",
			"resolved": "https://registry.npmjs.org/@lit/context/-/context-1.1.4.tgz",
			"integrity": "sha512-0b8wOWNUPcXjGHFtVP+odwhrZBZw+PpCjKWn8IGO10iHT95Xd6FcUAxe1aE7PUtOBvHZoxvrfdBzweYnDW7VNQ==",
			"license": "BSD-3-Clause",
			"dependencies": {
				"@lit/reactive-element": "^1.6.2 || ^2.0.0"
			}
		},
		"node_modules/@lit/reactive-element": {
			"version": "2.0.4",
			"resolved": "https://registry.npmjs.org/@lit/reactive-element/-/reactive-element-2.0.4.tgz",
			"integrity": "sha512-GFn91inaUa2oHLak8awSIigYz0cU0Payr1rcFsrkf5OJ5eSPxElyZfKh0f2p9FsTiZWXQdWGJeXZICEfXXYSXQ==",
			"license": "BSD-3-Clause",
			"dependencies": {
				"@lit-labs/ssr-dom-shim": "^1.2.0"
			}
		},
		"node_modules/@neoconfetti/svelte": {
			"version": "2.2.2",
			"dev": true,
			"license": "MIT",
			"peerDependencies": {
				"svelte": "^3.0.0 || ^4.0.0 || ^5.0.0"
			}
		},
		"node_modules/@plusui/core": {
			"version": "0.2.10",
			"resolved": "https://registry.npmjs.org/@plusui/core/-/core-0.2.10.tgz",
			"integrity": "sha512-RWB3gao5hRnOw2DlaAdqHFiw9OqeJ8sZNj7EDgAkRLpA/lyHcmkICwZF3nlK932hmeMWn6JNJoYiHDHGthFHpg==",
			"license": "MIT",
			"dependencies": {
				"@floating-ui/dom": "^1.6.1",
				"@lit/context": "^1.1.0",
				"lit": "^2.8.0"
			}
		},
		"node_modules/@polka/url": {
			"version": "1.0.0-next.28",
			"dev": true,
			"license": "MIT"
		},
		"node_modules/@rollup/rollup-win32-x64-msvc": {
			"version": "4.38.0",
			"cpu": [
				"x64"
			],
			"dev": true,
			"license": "MIT",
			"optional": true,
			"os": [
				"win32"
			]
		},
		"node_modules/@sveltejs/acorn-typescript": {
			"version": "1.0.5",
			"dev": true,
			"license": "MIT",
			"peerDependencies": {
				"acorn": "^8.9.0"
			}
		},
		"node_modules/@sveltejs/adapter-auto": {
			"version": "4.0.0",
			"dev": true,
			"license": "MIT",
			"dependencies": {
				"import-meta-resolve": "^4.1.0"
			},
			"peerDependencies": {
				"@sveltejs/kit": "^2.0.0"
			}
		},
		"node_modules/@sveltejs/kit": {
			"version": "2.20.2",
			"dev": true,
			"license": "MIT",
			"dependencies": {
				"@types/cookie": "^0.6.0",
				"cookie": "^0.6.0",
				"devalue": "^5.1.0",
				"esm-env": "^1.2.2",
				"import-meta-resolve": "^4.1.0",
				"kleur": "^4.1.5",
				"magic-string": "^0.30.5",
				"mrmime": "^2.0.0",
				"sade": "^1.8.1",
				"set-cookie-parser": "^2.6.0",
				"sirv": "^3.0.0"
			},
			"bin": {
				"svelte-kit": "svelte-kit.js"
			},
			"engines": {
				"node": ">=18.13"
			},
			"peerDependencies": {
				"@sveltejs/vite-plugin-svelte": "^3.0.0 || ^4.0.0-next.1 || ^5.0.0",
				"svelte": "^4.0.0 || ^5.0.0-next.0",
				"vite": "^5.0.3 || ^6.0.0"
			}
		},
		"node_modules/@sveltejs/vite-plugin-svelte": {
			"version": "5.0.3",
			"dev": true,
			"license": "MIT",
			"dependencies": {
				"@sveltejs/vite-plugin-svelte-inspector": "^4.0.1",
				"debug": "^4.4.0",
				"deepmerge": "^4.3.1",
				"kleur": "^4.1.5",
				"magic-string": "^0.30.15",
				"vitefu": "^1.0.4"
			},
			"engines": {
				"node": "^18.0.0 || ^20.0.0 || >=22"
			},
			"peerDependencies": {
				"svelte": "^5.0.0",
				"vite": "^6.0.0"
			}
		},
		"node_modules/@sveltejs/vite-plugin-svelte-inspector": {
			"version": "4.0.1",
			"dev": true,
			"license": "MIT",
			"dependencies": {
				"debug": "^4.3.7"
			},
			"engines": {
				"node": "^18.0.0 || ^20.0.0 || >=22"
			},
			"peerDependencies": {
				"@sveltejs/vite-plugin-svelte": "^5.0.0",
				"svelte": "^5.0.0",
				"vite": "^6.0.0"
			}
		},
		"node_modules/@tailwindcss/forms": {
			"version": "0.5.10",
			"dev": true,
			"license": "MIT",
			"dependencies": {
				"mini-svg-data-uri": "^1.2.3"
			},
			"peerDependencies": {
				"tailwindcss": ">=3.0.0 || >= 3.0.0-alpha.1 || >= 4.0.0-alpha.20 || >= 4.0.0-beta.1"
			}
		},
		"node_modules/@tailwindcss/node": {
			"version": "4.1.0",
			"dev": true,
			"license": "MIT",
			"dependencies": {
				"enhanced-resolve": "^5.18.1",
				"jiti": "^2.4.2",
				"lightningcss": "1.29.2",
				"tailwindcss": "4.1.0"
			}
		},
		"node_modules/@tailwindcss/oxide": {
			"version": "4.1.0",
			"dev": true,
			"license": "MIT",
			"engines": {
				"node": ">= 10"
			},
			"optionalDependencies": {
				"@tailwindcss/oxide-android-arm64": "4.1.0",
				"@tailwindcss/oxide-darwin-arm64": "4.1.0",
				"@tailwindcss/oxide-darwin-x64": "4.1.0",
				"@tailwindcss/oxide-freebsd-x64": "4.1.0",
				"@tailwindcss/oxide-linux-arm-gnueabihf": "4.1.0",
				"@tailwindcss/oxide-linux-arm64-gnu": "4.1.0",
				"@tailwindcss/oxide-linux-arm64-musl": "4.1.0",
				"@tailwindcss/oxide-linux-x64-gnu": "4.1.0",
				"@tailwindcss/oxide-linux-x64-musl": "4.1.0",
				"@tailwindcss/oxide-win32-arm64-msvc": "4.1.0",
				"@tailwindcss/oxide-win32-x64-msvc": "4.1.0"
			}
		},
		"node_modules/@tailwindcss/oxide-win32-x64-msvc": {
			"version": "4.1.0",
			"cpu": [
				"x64"
			],
			"dev": true,
			"license": "MIT",
			"optional": true,
			"os": [
				"win32"
			],
			"engines": {
				"node": ">= 10"
			}
		},
		"node_modules/@tailwindcss/typography": {
			"version": "0.5.16",
			"dev": true,
			"license": "MIT",
			"dependencies": {
				"lodash.castarray": "^4.4.0",
				"lodash.isplainobject": "^4.0.6",
				"lodash.merge": "^4.6.2",
				"postcss-selector-parser": "6.0.10"
			},
			"peerDependencies": {
				"tailwindcss": ">=3.0.0 || insiders || >=4.0.0-alpha.20 || >=4.0.0-beta.1"
			}
		},
		"node_modules/@tailwindcss/vite": {
			"version": "4.1.0",
			"dev": true,
			"license": "MIT",
			"dependencies": {
				"@tailwindcss/node": "4.1.0",
				"@tailwindcss/oxide": "4.1.0",
				"tailwindcss": "4.1.0"
			},
			"peerDependencies": {
				"vite": "^5.2.0 || ^6"
			}
		},
		"node_modules/@types/cookie": {
			"version": "0.6.0",
			"dev": true,
			"license": "MIT"
		},
		"node_modules/@types/estree": {
			"version": "1.0.7",
			"dev": true,
			"license": "MIT"
		},
		"node_modules/@types/trusted-types": {
			"version": "2.0.7",
			"resolved": "https://registry.npmjs.org/@types/trusted-types/-/trusted-types-2.0.7.tgz",
			"integrity": "sha512-ScaPdn1dQczgbl0QFTeTOmVHFULt394XJgOQNoyVhZ6r2vLnMLJfBPd53SB52T/3G36VI1/g2MZaX0cwDuXsfw==",
			"license": "MIT"
		},
		"node_modules/acorn": {
			"version": "8.14.1",
			"dev": true,
			"license": "MIT",
			"bin": {
				"acorn": "bin/acorn"
			},
			"engines": {
				"node": ">=0.4.0"
			}
		},
		"node_modules/aria-query": {
			"version": "5.3.2",
			"dev": true,
			"license": "Apache-2.0",
			"engines": {
				"node": ">= 0.4"
			}
		},
		"node_modules/axobject-query": {
			"version": "4.1.0",
			"dev": true,
			"license": "Apache-2.0",
			"engines": {
				"node": ">= 0.4"
			}
		},
		"node_modules/clsx": {
			"version": "2.1.1",
			"dev": true,
			"license": "MIT",
			"engines": {
				"node": ">=6"
			}
		},
		"node_modules/cookie": {
			"version": "0.6.0",
			"dev": true,
			"license": "MIT",
			"engines": {
				"node": ">= 0.6"
			}
		},
		"node_modules/cssesc": {
			"version": "3.0.0",
			"dev": true,
			"license": "MIT",
			"bin": {
				"cssesc": "bin/cssesc"
			},
			"engines": {
				"node": ">=4"
			}
		},
		"node_modules/debug": {
			"version": "4.4.0",
			"dev": true,
			"license": "MIT",
			"dependencies": {
				"ms": "^2.1.3"
			},
			"engines": {
				"node": ">=6.0"
			},
			"peerDependenciesMeta": {
				"supports-color": {
					"optional": true
				}
			}
		},
		"node_modules/deepmerge": {
			"version": "4.3.1",
			"dev": true,
			"license": "MIT",
			"engines": {
				"node": ">=0.10.0"
			}
		},
		"node_modules/detect-libc": {
			"version": "2.0.3",
			"dev": true,
			"license": "Apache-2.0",
			"engines": {
				"node": ">=8"
			}
		},
		"node_modules/devalue": {
			"version": "5.1.1",
			"dev": true,
			"license": "MIT"
		},
		"node_modules/enhanced-resolve": {
			"version": "5.18.1",
			"dev": true,
			"license": "MIT",
			"dependencies": {
				"graceful-fs": "^4.2.4",
				"tapable": "^2.2.0"
			},
			"engines": {
				"node": ">=10.13.0"
			}
		},
		"node_modules/esbuild": {
			"version": "0.25.2",
			"dev": true,
			"hasInstallScript": true,
			"license": "MIT",
			"bin": {
				"esbuild": "bin/esbuild"
			},
			"engines": {
				"node": ">=18"
			},
			"optionalDependencies": {
				"@esbuild/aix-ppc64": "0.25.2",
				"@esbuild/android-arm": "0.25.2",
				"@esbuild/android-arm64": "0.25.2",
				"@esbuild/android-x64": "0.25.2",
				"@esbuild/darwin-arm64": "0.25.2",
				"@esbuild/darwin-x64": "0.25.2",
				"@esbuild/freebsd-arm64": "0.25.2",
				"@esbuild/freebsd-x64": "0.25.2",
				"@esbuild/linux-arm": "0.25.2",
				"@esbuild/linux-arm64": "0.25.2",
				"@esbuild/linux-ia32": "0.25.2",
				"@esbuild/linux-loong64": "0.25.2",
				"@esbuild/linux-mips64el": "0.25.2",
				"@esbuild/linux-ppc64": "0.25.2",
				"@esbuild/linux-riscv64": "0.25.2",
				"@esbuild/linux-s390x": "0.25.2",
				"@esbuild/linux-x64": "0.25.2",
				"@esbuild/netbsd-arm64": "0.25.2",
				"@esbuild/netbsd-x64": "0.25.2",
				"@esbuild/openbsd-arm64": "0.25.2",
				"@esbuild/openbsd-x64": "0.25.2",
				"@esbuild/sunos-x64": "0.25.2",
				"@esbuild/win32-arm64": "0.25.2",
				"@esbuild/win32-ia32": "0.25.2",
				"@esbuild/win32-x64": "0.25.2"
			}
		},
		"node_modules/esm-env": {
			"version": "1.2.2",
			"dev": true,
			"license": "MIT"
		},
		"node_modules/esrap": {
			"version": "1.4.6",
			"dev": true,
			"license": "MIT",
			"dependencies": {
				"@jridgewell/sourcemap-codec": "^1.4.15"
			}
		},
		"node_modules/graceful-fs": {
			"version": "4.2.11",
			"dev": true,
			"license": "ISC"
		},
		"node_modules/import-meta-resolve": {
			"version": "4.1.0",
			"dev": true,
			"license": "MIT",
			"funding": {
				"type": "github",
				"url": "https://github.com/sponsors/wooorm"
			}
		},
		"node_modules/is-reference": {
			"version": "3.0.3",
			"dev": true,
			"license": "MIT",
			"dependencies": {
				"@types/estree": "^1.0.6"
			}
		},
		"node_modules/jiti": {
			"version": "2.4.2",
			"dev": true,
			"license": "MIT",
			"bin": {
				"jiti": "lib/jiti-cli.mjs"
			}
		},
		"node_modules/kleur": {
			"version": "4.1.5",
			"dev": true,
			"license": "MIT",
			"engines": {
				"node": ">=6"
			}
		},
		"node_modules/lightningcss": {
			"version": "1.29.2",
			"dev": true,
			"license": "MPL-2.0",
			"dependencies": {
				"detect-libc": "^2.0.3"
			},
			"engines": {
				"node": ">= 12.0.0"
			},
			"funding": {
				"type": "opencollective",
				"url": "https://opencollective.com/parcel"
			},
			"optionalDependencies": {
				"lightningcss-darwin-arm64": "1.29.2",
				"lightningcss-darwin-x64": "1.29.2",
				"lightningcss-freebsd-x64": "1.29.2",
				"lightningcss-linux-arm-gnueabihf": "1.29.2",
				"lightningcss-linux-arm64-gnu": "1.29.2",
				"lightningcss-linux-arm64-musl": "1.29.2",
				"lightningcss-linux-x64-gnu": "1.29.2",
				"lightningcss-linux-x64-musl": "1.29.2",
				"lightningcss-win32-arm64-msvc": "1.29.2",
				"lightningcss-win32-x64-msvc": "1.29.2"
			}
		},
		"node_modules/lightningcss-win32-x64-msvc": {
			"version": "1.29.2",
			"cpu": [
				"x64"
			],
			"dev": true,
			"license": "MPL-2.0",
			"optional": true,
			"os": [
				"win32"
			],
			"engines": {
				"node": ">= 12.0.0"
			},
			"funding": {
				"type": "opencollective",
				"url": "https://opencollective.com/parcel"
			}
		},
		"node_modules/lit": {
			"version": "2.8.0",
			"resolved": "https://registry.npmjs.org/lit/-/lit-2.8.0.tgz",
			"integrity": "sha512-4Sc3OFX9QHOJaHbmTMk28SYgVxLN3ePDjg7hofEft2zWlehFL3LiAuapWc4U/kYwMYJSh2hTCPZ6/LIC7ii0MA==",
			"license": "BSD-3-Clause",
			"dependencies": {
				"@lit/reactive-element": "^1.6.0",
				"lit-element": "^3.3.0",
				"lit-html": "^2.8.0"
			}
		},
		"node_modules/lit-element": {
			"version": "3.3.3",
			"resolved": "https://registry.npmjs.org/lit-element/-/lit-element-3.3.3.tgz",
			"integrity": "sha512-XbeRxmTHubXENkV4h8RIPyr8lXc+Ff28rkcQzw3G6up2xg5E8Zu1IgOWIwBLEQsu3cOVFqdYwiVi0hv0SlpqUA==",
			"license": "BSD-3-Clause",
			"dependencies": {
				"@lit-labs/ssr-dom-shim": "^1.1.0",
				"@lit/reactive-element": "^1.3.0",
				"lit-html": "^2.8.0"
			}
		},
		"node_modules/lit-element/node_modules/@lit/reactive-element": {
			"version": "1.6.3",
			"resolved": "https://registry.npmjs.org/@lit/reactive-element/-/reactive-element-1.6.3.tgz",
			"integrity": "sha512-QuTgnG52Poic7uM1AN5yJ09QMe0O28e10XzSvWDz02TJiiKee4stsiownEIadWm8nYzyDAyT+gKzUoZmiWQtsQ==",
			"license": "BSD-3-Clause",
			"dependencies": {
				"@lit-labs/ssr-dom-shim": "^1.0.0"
			}
		},
		"node_modules/lit-html": {
			"version": "2.8.0",
			"resolved": "https://registry.npmjs.org/lit-html/-/lit-html-2.8.0.tgz",
			"integrity": "sha512-o9t+MQM3P4y7M7yNzqAyjp7z+mQGa4NS4CxiyLqFPyFWyc4O+nodLrkrxSaCTrla6M5YOLaT3RpbbqjszB5g3Q==",
			"license": "BSD-3-Clause",
			"dependencies": {
				"@types/trusted-types": "^2.0.2"
			}
		},
		"node_modules/lit/node_modules/@lit/reactive-element": {
			"version": "1.6.3",
			"resolved": "https://registry.npmjs.org/@lit/reactive-element/-/reactive-element-1.6.3.tgz",
			"integrity": "sha512-QuTgnG52Poic7uM1AN5yJ09QMe0O28e10XzSvWDz02TJiiKee4stsiownEIadWm8nYzyDAyT+gKzUoZmiWQtsQ==",
			"license": "BSD-3-Clause",
			"dependencies": {
				"@lit-labs/ssr-dom-shim": "^1.0.0"
			}
		},
		"node_modules/locate-character": {
			"version": "3.0.0",
			"dev": true,
			"license": "MIT"
		},
		"node_modules/lodash.castarray": {
			"version": "4.4.0",
			"dev": true,
			"license": "MIT"
		},
		"node_modules/lodash.isplainobject": {
			"version": "4.0.6",
			"dev": true,
			"license": "MIT"
		},
		"node_modules/lodash.merge": {
			"version": "4.6.2",
			"dev": true,
			"license": "MIT"
		},
		"node_modules/magic-string": {
			"version": "0.30.17",
			"dev": true,
			"license": "MIT",
			"dependencies": {
				"@jridgewell/sourcemap-codec": "^1.5.0"
			}
		},
		"node_modules/mini-svg-data-uri": {
			"version": "1.4.4",
			"dev": true,
			"license": "MIT",
			"bin": {
				"mini-svg-data-uri": "cli.js"
			}
		},
		"node_modules/mri": {
			"version": "1.2.0",
			"dev": true,
			"license": "MIT",
			"engines": {
				"node": ">=4"
			}
		},
		"node_modules/mrmime": {
			"version": "2.0.1",
			"dev": true,
			"license": "MIT",
			"engines": {
				"node": ">=10"
			}
		},
		"node_modules/ms": {
			"version": "2.1.3",
			"dev": true,
			"license": "MIT"
		},
		"node_modules/nanoid": {
			"version": "3.3.11",
			"dev": true,
			"funding": [
				{
					"type": "github",
					"url": "https://github.com/sponsors/ai"
				}
			],
			"license": "MIT",
			"bin": {
				"nanoid": "bin/nanoid.cjs"
			},
			"engines": {
				"node": "^10 || ^12 || ^13.7 || ^14 || >=15.0.1"
			}
		},
		"node_modules/picocolors": {
			"version": "1.1.1",
			"dev": true,
			"license": "ISC"
		},
		"node_modules/postcss": {
			"version": "8.5.3",
			"dev": true,
			"funding": [
				{
					"type": "opencollective",
					"url": "https://opencollective.com/postcss/"
				},
				{
					"type": "tidelift",
					"url": "https://tidelift.com/funding/github/npm/postcss"
				},
				{
					"type": "github",
					"url": "https://github.com/sponsors/ai"
				}
			],
			"license": "MIT",
			"dependencies": {
				"nanoid": "^3.3.8",
				"picocolors": "^1.1.1",
				"source-map-js": "^1.2.1"
			},
			"engines": {
				"node": "^10 || ^12 || >=14"
			}
		},
		"node_modules/postcss-selector-parser": {
			"version": "6.0.10",
			"dev": true,
			"license": "MIT",
			"dependencies": {
				"cssesc": "^3.0.0",
				"util-deprecate": "^1.0.2"
			},
			"engines": {
				"node": ">=4"
			}
		},
		"node_modules/rollup": {
			"version": "4.38.0",
			"dev": true,
			"license": "MIT",
			"dependencies": {
				"@types/estree": "1.0.7"
			},
			"bin": {
				"rollup": "dist/bin/rollup"
			},
			"engines": {
				"node": ">=18.0.0",
				"npm": ">=8.0.0"
			},
			"optionalDependencies": {
				"@rollup/rollup-android-arm-eabi": "4.38.0",
				"@rollup/rollup-android-arm64": "4.38.0",
				"@rollup/rollup-darwin-arm64": "4.38.0",
				"@rollup/rollup-darwin-x64": "4.38.0",
				"@rollup/rollup-freebsd-arm64": "4.38.0",
				"@rollup/rollup-freebsd-x64": "4.38.0",
				"@rollup/rollup-linux-arm-gnueabihf": "4.38.0",
				"@rollup/rollup-linux-arm-musleabihf": "4.38.0",
				"@rollup/rollup-linux-arm64-gnu": "4.38.0",
				"@rollup/rollup-linux-arm64-musl": "4.38.0",
				"@rollup/rollup-linux-loongarch64-gnu": "4.38.0",
				"@rollup/rollup-linux-powerpc64le-gnu": "4.38.0",
				"@rollup/rollup-linux-riscv64-gnu": "4.38.0",
				"@rollup/rollup-linux-riscv64-musl": "4.38.0",
				"@rollup/rollup-linux-s390x-gnu": "4.38.0",
				"@rollup/rollup-linux-x64-gnu": "4.38.0",
				"@rollup/rollup-linux-x64-musl": "4.38.0",
				"@rollup/rollup-win32-arm64-msvc": "4.38.0",
				"@rollup/rollup-win32-ia32-msvc": "4.38.0",
				"@rollup/rollup-win32-x64-msvc": "4.38.0",
				"fsevents": "~2.3.2"
			}
		},
		"node_modules/sade": {
			"version": "1.8.1",
			"dev": true,
			"license": "MIT",
			"dependencies": {
				"mri": "^1.1.0"
			},
			"engines": {
				"node": ">=6"
			}
		},
		"node_modules/set-cookie-parser": {
			"version": "2.7.1",
			"dev": true,
			"license": "MIT"
		},
		"node_modules/sirv": {
			"version": "3.0.1",
			"dev": true,
			"license": "MIT",
			"dependencies": {
				"@polka/url": "^1.0.0-next.24",
				"mrmime": "^2.0.0",
				"totalist": "^3.0.0"
			},
			"engines": {
				"node": ">=18"
			}
		},
		"node_modules/source-map-js": {
			"version": "1.2.1",
			"dev": true,
			"license": "BSD-3-Clause",
			"engines": {
				"node": ">=0.10.0"
			}
		},
		"node_modules/svelte": {
			"version": "5.25.6",
			"dev": true,
			"license": "MIT",
			"dependencies": {
				"@ampproject/remapping": "^2.3.0",
				"@jridgewell/sourcemap-codec": "^1.5.0",
				"@sveltejs/acorn-typescript": "^1.0.5",
				"@types/estree": "^1.0.5",
				"acorn": "^8.12.1",
				"aria-query": "^5.3.1",
				"axobject-query": "^4.1.0",
				"clsx": "^2.1.1",
				"esm-env": "^1.2.1",
				"esrap": "^1.4.6",
				"is-reference": "^3.0.3",
				"locate-character": "^3.0.0",
				"magic-string": "^0.30.11",
				"zimmerframe": "^1.1.2"
			},
			"engines": {
				"node": ">=18"
			}
		},
		"node_modules/tailwindcss": {
			"version": "4.1.0",
			"dev": true,
			"license": "MIT"
		},
		"node_modules/tapable": {
			"version": "2.2.1",
			"dev": true,
			"license": "MIT",
			"engines": {
				"node": ">=6"
			}
		},
		"node_modules/totalist": {
			"version": "3.0.1",
			"dev": true,
			"license": "MIT",
			"engines": {
				"node": ">=6"
			}
		},
		"node_modules/util-deprecate": {
			"version": "1.0.2",
			"dev": true,
			"license": "MIT"
		},
		"node_modules/vite": {
			"version": "6.2.4",
			"dev": true,
			"license": "MIT",
			"dependencies": {
				"esbuild": "^0.25.0",
				"postcss": "^8.5.3",
				"rollup": "^4.30.1"
			},
			"bin": {
				"vite": "bin/vite.js"
			},
			"engines": {
				"node": "^18.0.0 || ^20.0.0 || >=22.0.0"
			},
			"funding": {
				"url": "https://github.com/vitejs/vite?sponsor=1"
			},
			"optionalDependencies": {
				"fsevents": "~2.3.3"
			},
			"peerDependencies": {
				"@types/node": "^18.0.0 || ^20.0.0 || >=22.0.0",
				"jiti": ">=1.21.0",
				"less": "*",
				"lightningcss": "^1.21.0",
				"sass": "*",
				"sass-embedded": "*",
				"stylus": "*",
				"sugarss": "*",
				"terser": "^5.16.0",
				"tsx": "^4.8.1",
				"yaml": "^2.4.2"
			},
			"peerDependenciesMeta": {
				"@types/node": {
					"optional": true
				},
				"jiti": {
					"optional": true
				},
				"less": {
					"optional": true
				},
				"lightningcss": {
					"optional": true
				},
				"sass": {
					"optional": true
				},
				"sass-embedded": {
					"optional": true
				},
				"stylus": {
					"optional": true
				},
				"sugarss": {
					"optional": true
				},
				"terser": {
					"optional": true
				},
				"tsx": {
					"optional": true
				},
				"yaml": {
					"optional": true
				}
			}
		},
		"node_modules/vitefu": {
			"version": "1.0.6",
			"dev": true,
			"license": "MIT",
			"workspaces": [
				"tests/deps/*",
				"tests/projects/*"
			],
			"peerDependencies": {
				"vite": "^3.0.0 || ^4.0.0 || ^5.0.0 || ^6.0.0"
			},
			"peerDependenciesMeta": {
				"vite": {
					"optional": true
				}
			}
		},
		"node_modules/zimmerframe": {
			"version": "1.1.2",
			"dev": true,
			"license": "MIT"
		}
	}
}
